
Microsoft Visual Studio Solution File, Format Version 12.00
# Visual Studio Version 16
VisualStudioVersion = 16.0.30621.155
MinimumVisualStudioVersion = 10.0.40219.1
Project("{FAE04EC0-301F-11D3-BF4B-00C04F79EFBC}") = "CSharpEgitimKampi601", "CSharpEgitimKampi601\CSharpEgitimKampi601.csproj", "{CA59AD46-BD5E-4C5B-B143-90AB56DF3BAA}"
EndProject
Global
	GlobalSection(SolutionConfigurationPlatforms) = preSolution
		Debug|Any CPU = Debug|Any CPU
		Release|Any CPU = Release|Any CPU
	EndGlobalSection
	GlobalSection(ProjectConfigurationPlatforms) = postSolution
		{CA59AD46-BD5E-4C5B-B143-90AB56DF3BAA}.Debug|Any CPU.ActiveCfg = Debug|Any CPU
		{CA59AD46-BD5E-4C5B-B143-90AB56DF3BAA}.Debug|Any CPU.Build.0 = Debug|Any CPU
		{CA59AD46-BD5E-4C5B-B143-90AB56DF3BAA}.Release|Any CPU.ActiveCfg = Release|Any CPU
		{CA59AD46-BD5E-4C5B-B143-90AB56DF3BAA}.Release|Any CPU.Build.0 = Release|Any CPU
	EndGlobalSection
	GlobalSection(SolutionProperties) = preSolution
		HideSolutionNode = FALSE
	EndGlobalSection
	GlobalSection(ExtensibilityGlobals) = postSolution
		SolutionGuid = {CDC5049D-A775-4F45-BE8B-905A9FC03558}
	EndGlobalSection
EndGlobal
